// !$*UTF8*$!
{
	archiveVersion = 1;
	classes = {
	};
	objectVersion = 77;
	objects = {

/* Begin PBXBuildFile section */
		0CEE9069396E642FBC3F6794 /* Solver.swift in Sources */ = {isa = PBXBuildFile; fileRef = 1063530AE7E16007934391D1 /* Solver.swift */; };
		2FE2F6C68DA0F6322AE55A7E /* UpgradeView.swift in Sources */ = {isa = PBXBuildFile; fileRef = 84E8FDB5FAE77B8C298DB714 /* UpgradeView.swift */; };
		4B072756A9B5ECF899A192AD /* HomeView.swift in Sources */ = {isa = PBXBuildFile; fileRef = 49EDBF1FA09A65F86D264046 /* HomeView.swift */; };
		4EA81034E5FC0D1281771F80 /* GameView.swift in Sources */ = {isa = PBXBuildFile; fileRef = C6E7F9531D16CCCC736A1473 /* GameView.swift */; };
		6169379F1602D89D6CD62D7F /* ContentView.swift in Sources */ = {isa = PBXBuildFile; fileRef = 6879E59B504E015B31EF4931 /* ContentView.swift */; };
		6610104219BE2D1EB055D8A5 /* Localizable.strings in Resources */ = {isa = PBXBuildFile; fileRef = 52437FE86089A6F3F5A85E3B /* Localizable.strings */; };
		6ACFB0D2EF2DF49139A3C669 /* Puzzle.swift in Sources */ = {isa = PBXBuildFile; fileRef = 0A437AF0BA9F63038E25F436 /* Puzzle.swift */; };
		70A54808C5A0F5EDA4BCF831 /* AppEmblem.swift in Sources */ = {isa = PBXBuildFile; fileRef = 555EBF8F992BC11659B340BA /* AppEmblem.swift */; };
		71DED7A5293FFB489F92A824 /* GameModel.swift in Sources */ = {isa = PBXBuildFile; fileRef = E09CD7F78F392427A3FA20DD /* GameModel.swift */; };
		7F5A7792EE1F1EEEC83BE3B3 /* Block.swift in Sources */ = {isa = PBXBuildFile; fileRef = 5749F88344E84B9D1619FAC9 /* Block.swift */; };
		92404D2D24E3FD76E8F51CD6 /* Assets.xcassets in Resources */ = {isa = PBXBuildFile; fileRef = E050EF6FFDB92934285782C2 /* Assets.xcassets */; };
		B6F6ABC84252989B1D105958 /* PurchaseManager.swift in Sources */ = {isa = PBXBuildFile; fileRef = 3CBFE99F8EF99F2199F9EBDC /* PurchaseManager.swift */; };
		B72B684054C1DD12F3247692 /* OnboardingView.swift in Sources */ = {isa = PBXBuildFile; fileRef = 6687B3036E6067E5BB51BB4C /* OnboardingView.swift */; };
		D6C4FC98C3B7115859907B05 /* Localization.swift in Sources */ = {isa = PBXBuildFile; fileRef = C0A3E3D2DB4C0ED754B74D47 /* Localization.swift */; };
		D750EA744A38B283E5AE757E /* KlotskiApp.swift in Sources */ = {isa = PBXBuildFile; fileRef = 5DDEAAB1A35489625C79FF80 /* KlotskiApp.swift */; };
		DB6DE29377F105ABB7758F76 /* RulesView.swift in Sources */ = {isa = PBXBuildFile; fileRef = BFADE876C8903E66DC0583ED /* RulesView.swift */; };
		E02D6CDD3BE4741560D9978D /* Board.swift in Sources */ = {isa = PBXBuildFile; fileRef = BF174D908AE9AC8D2680A6C5 /* Board.swift */; };
		E7DB7BDBD53739B099BA754D /* BlockView.swift in Sources */ = {isa = PBXBuildFile; fileRef = 6563B302D38107FCB05FE9E3 /* BlockView.swift */; };
/* End PBXBuildFile section */

/* Begin PBXFileReference section */
		0A437AF0BA9F63038E25F436 /* Puzzle.swift */ = {isa = PBXFileReference; lastKnownFileType = sourcecode.swift; path = Puzzle.swift; sourceTree = "<group>"; };
		1063530AE7E16007934391D1 /* Solver.swift */ = {isa = PBXFileReference; lastKnownFileType = sourcecode.swift; path = Solver.swift; sourceTree = "<group>"; };
		3CBFE99F8EF99F2199F9EBDC /* PurchaseManager.swift */ = {isa = PBXFileReference; lastKnownFileType = sourcecode.swift; path = PurchaseManager.swift; sourceTree = "<group>"; };
		49EDBF1FA09A65F86D264046 /* HomeView.swift */ = {isa = PBXFileReference; lastKnownFileType = sourcecode.swift; path = HomeView.swift; sourceTree = "<group>"; };
		555EBF8F992BC11659B340BA /* AppEmblem.swift */ = {isa = PBXFileReference; lastKnownFileType = sourcecode.swift; path = AppEmblem.swift; sourceTree = "<group>"; };
		5749F88344E84B9D1619FAC9 /* Block.swift */ = {isa = PBXFileReference; lastKnownFileType = sourcecode.swift; path = Block.swift; sourceTree = "<group>"; };
		5DDEAAB1A35489625C79FF80 /* KlotskiApp.swift */ = {isa = PBXFileReference; lastKnownFileType = sourcecode.swift; path = KlotskiApp.swift; sourceTree = "<group>"; };
		6563B302D38107FCB05FE9E3 /* BlockView.swift */ = {isa = PBXFileReference; lastKnownFileType = sourcecode.swift; path = BlockView.swift; sourceTree = "<group>"; };
		6687B3036E6067E5BB51BB4C /* OnboardingView.swift */ = {isa = PBXFileReference; lastKnownFileType = sourcecode.swift; path = OnboardingView.swift; sourceTree = "<group>"; };
		6879E59B504E015B31EF4931 /* ContentView.swift */ = {isa = PBXFileReference; lastKnownFileType = sourcecode.swift; path = ContentView.swift; sourceTree = "<group>"; };
		837931C0D6FEC057C6E5DB06 /* Klotski.app */ = {isa = PBXFileReference; includeInIndex = 0; lastKnownFileType = wrapper.application; path = Klotski.app; sourceTree = BUILT_PRODUCTS_DIR; };
		84E8FDB5FAE77B8C298DB714 /* UpgradeView.swift */ = {isa = PBXFileReference; lastKnownFileType = sourcecode.swift; path = UpgradeView.swift; sourceTree = "<group>"; };
		BA35047CD7A242CDCA8149C1 /* zh-Hans */ = {isa = PBXFileReference; lastKnownFileType = text.plist.strings; name = "zh-Hans"; path = "zh-Hans.lproj/Localizable.strings"; sourceTree = "<group>"; };
		BF174D908AE9AC8D2680A6C5 /* Board.swift */ = {isa = PBXFileReference; lastKnownFileType = sourcecode.swift; path = Board.swift; sourceTree = "<group>"; };
		BFADE876C8903E66DC0583ED /* RulesView.swift */ = {isa = PBXFileReference; lastKnownFileType = sourcecode.swift; path = RulesView.swift; sourceTree = "<group>"; };
		C0A3E3D2DB4C0ED754B74D47 /* Localization.swift */ = {isa = PBXFileReference; lastKnownFileType = sourcecode.swift; path = Localization.swift; sourceTree = "<group>"; };
		C6E7F9531D16CCCC736A1473 /* GameView.swift */ = {isa = PBXFileReference; lastKnownFileType = sourcecode.swift; path = GameView.swift; sourceTree = "<group>"; };
		C745CB364C98F3EC6FA01E80 /* en */ = {isa = PBXFileReference; lastKnownFileType = text.plist.strings; name = en; path = en.lproj/Localizable.strings; sourceTree = "<group>"; };
		E050EF6FFDB92934285782C2 /* Assets.xcassets */ = {isa = PBXFileReference; lastKnownFileType = folder.assetcatalog; path = Assets.xcassets; sourceTree = "<group>"; };
		E09CD7F78F392427A3FA20DD /* GameModel.swift */ = {isa = PBXFileReference; lastKnownFileType = sourcecode.swift; path = GameModel.swift; sourceTree = "<group>"; };
/* End PBXFileReference section */

/* Begin PBXGroup section */
		2F1C06A0C067FE879011566C /* Views */ = {
			isa = PBXGroup;
			children = (
				555EBF8F992BC11659B340BA /* AppEmblem.swift */,
				6563B302D38107FCB05FE9E3 /* BlockView.swift */,
				C6E7F9531D16CCCC736A1473 /* GameView.swift */,
				49EDBF1FA09A65F86D264046 /* HomeView.swift */,
				6687B3036E6067E5BB51BB4C /* OnboardingView.swift */,
				BFADE876C8903E66DC0583ED /* RulesView.swift */,
				84E8FDB5FAE77B8C298DB714 /* UpgradeView.swift */,
			);
			path = Views;
			sourceTree = "<group>";
		};
		5E3177060F195E7D24D1F549 /* Klotski */ = {
			isa = PBXGroup;
			children = (
				E050EF6FFDB92934285782C2 /* Assets.xcassets */,
				6879E59B504E015B31EF4931 /* ContentView.swift */,
				5DDEAAB1A35489625C79FF80 /* KlotskiApp.swift */,
				626DF26685FDC6A96AA2901D /* Core */,
				52437FE86089A6F3F5A85E3B /* Localizable.strings */,
				2F1C06A0C067FE879011566C /* Views */,
			);
			path = Klotski;
			sourceTree = "<group>";
		};
		626DF26685FDC6A96AA2901D /* Core */ = {
			isa = PBXGroup;
			children = (
				5749F88344E84B9D1619FAC9 /* Block.swift */,
				BF174D908AE9AC8D2680A6C5 /* Board.swift */,
				E09CD7F78F392427A3FA20DD /* GameModel.swift */,
				C0A3E3D2DB4C0ED754B74D47 /* Localization.swift */,
				3CBFE99F8EF99F2199F9EBDC /* PurchaseManager.swift */,
				0A437AF0BA9F63038E25F436 /* Puzzle.swift */,
				1063530AE7E16007934391D1 /* Solver.swift */,
			);
			path = Core;
			sourceTree = "<group>";
		};
		B5B1FD93A6159C1377F65148 = {
			isa = PBXGroup;
			children = (
				5E3177060F195E7D24D1F549 /* Klotski */,
				EB0D174F4B0CF92420E8C387 /* Products */,
			);
			sourceTree = "<group>";
		};
		EB0D174F4B0CF92420E8C387 /* Products */ = {
			isa = PBXGroup;
			children = (
				837931C0D6FEC057C6E5DB06 /* Klotski.app */,
			);
			name = Products;
			sourceTree = "<group>";
		};
/* End PBXGroup section */

/* Begin PBXNativeTarget section */
		3E8CF8E71F3694A7AE0481AC /* Klotski */ = {
			isa = PBXNativeTarget;
			buildConfigurationList = 15707B8DAFF836F2E33EDFD7 /* Build configuration list for PBXNativeTarget "Klotski" */;
			buildPhases = (
				C94B6AA2CB0FAD98AF4C9824 /* Sources */,
				A552DC5070B5EE4E40684809 /* Resources */,
			);
			buildRules = (
			);
			dependencies = (
			);
			name = Klotski;
			packageProductDependencies = (
			);
			productName = Klotski;
			productReference = 837931C0D6FEC057C6E5DB06 /* Klotski.app */;
			productType = "com.apple.product-type.application";
		};
/* End PBXNativeTarget section */

/* Begin PBXProject section */
		64C16D1D94EF345EF94DE860 /* Project object */ = {
			isa = PBXProject;
			attributes = {
				BuildIndependentTargetsInParallel = YES;
				LastUpgradeCheck = 1430;
				TargetAttributes = {
					3E8CF8E71F3694A7AE0481AC = {
						DevelopmentTeam = SM99L22Q84;
						ProvisioningStyle = Automatic;
					};
				};
			};
			buildConfigurationList = 640057220AC7B739756D2219 /* Build configuration list for PBXProject "Klotski" */;
			developmentRegion = en;
			hasScannedForEncodings = 0;
			knownRegions = (
				Base,
				en,
				"zh-Hans",
			);
			mainGroup = B5B1FD93A6159C1377F65148;
			minimizedProjectReferenceProxies = 1;
			preferredProjectObjectVersion = 77;
			productRefGroup = EB0D174F4B0CF92420E8C387 /* Products */;
			projectDirPath = "";
			projectRoot = "";
			targets = (
				3E8CF8E71F3694A7AE0481AC /* Klotski */,
			);
		};
/* End PBXProject section */

/* Begin PBXResourcesBuildPhase section */
		A552DC5070B5EE4E40684809 /* Resources */ = {
			isa = PBXResourcesBuildPhase;
			buildActionMask = 2147483647;
			files = (
				92404D2D24E3FD76E8F51CD6 /* Assets.xcassets in Resources */,
				6610104219BE2D1EB055D8A5 /* Localizable.strings in Resources */,
			);
			runOnlyForDeploymentPostprocessing = 0;
		};
/* End PBXResourcesBuildPhase section */

/* Begin PBXSourcesBuildPhase section */
		C94B6AA2CB0FAD98AF4C9824 /* Sources */ = {
			isa = PBXSourcesBuildPhase;
			buildActionMask = 2147483647;
			files = (
				70A54808C5A0F5EDA4BCF831 /* AppEmblem.swift in Sources */,
				7F5A7792EE1F1EEEC83BE3B3 /* Block.swift in Sources */,
				E7DB7BDBD53739B099BA754D /* BlockView.swift in Sources */,
				E02D6CDD3BE4741560D9978D /* Board.swift in Sources */,
				6169379F1602D89D6CD62D7F /* ContentView.swift in Sources */,
				71DED7A5293FFB489F92A824 /* GameModel.swift in Sources */,
				4EA81034E5FC0D1281771F80 /* GameView.swift in Sources */,
				4B072756A9B5ECF899A192AD /* HomeView.swift in Sources */,
				D750EA744A38B283E5AE757E /* KlotskiApp.swift in Sources */,
				D6C4FC98C3B7115859907B05 /* Localization.swift in Sources */,
				B72B684054C1DD12F3247692 /* OnboardingView.swift in Sources */,
				B6F6ABC84252989B1D105958 /* PurchaseManager.swift in Sources */,
				6ACFB0D2EF2DF49139A3C669 /* Puzzle.swift in Sources */,
				DB6DE29377F105ABB7758F76 /* RulesView.swift in Sources */,
				0CEE9069396E642FBC3F6794 /* Solver.swift in Sources */,
				2FE2F6C68DA0F6322AE55A7E /* UpgradeView.swift in Sources */,
			);
			runOnlyForDeploymentPostprocessing = 0;
		};
/* End PBXSourcesBuildPhase section */

/* Begin PBXVariantGroup section */
		52437FE86089A6F3F5A85E3B /* Localizable.strings */ = {
			isa = PBXVariantGroup;
			children = (
				C745CB364C98F3EC6FA01E80 /* en */,
				BA35047CD7A242CDCA8149C1 /* zh-Hans */,
			);
			name = Localizable.strings;
			sourceTree = "<group>";
		};
/* End PBXVariantGroup section */

/* Begin XCBuildConfiguration section */
		272021C8F87A3D2C01D9ECA8 /* Release */ = {
			isa = XCBuildConfiguration;
			buildSettings = {
				ALWAYS_SEARCH_USER_PATHS = NO;
				CLANG_ANALYZER_NONNULL = YES;
				CLANG_ANALYZER_NUMBER_OBJECT_CONVERSION = YES_AGGRESSIVE;
				CLANG_CXX_LANGUAGE_STANDARD = "gnu++14";
				CLANG_CXX_LIBRARY = "libc++";
				CLANG_ENABLE_MODULES = YES;
				CLANG_ENABLE_OBJC_ARC = YES;
				CLANG_ENABLE_OBJC_WEAK = YES;
				CLANG_WARN_BLOCK_CAPTURE_AUTORELEASING = YES;
				CLANG_WARN_BOOL_CONVERSION = YES;
				CLANG_WARN_COMMA = YES;
				CLANG_WARN_CONSTANT_CONVERSION = YES;
				CLANG_WARN_DEPRECATED_OBJC_IMPLEMENTATIONS = YES;
				CLANG_WARN_DIRECT_OBJC_ISA_USAGE = YES_ERROR;
				CLANG_WARN_DOCUMENTATION_COMMENTS = YES;
				CLANG_WARN_EMPTY_BODY = YES;
				CLANG_WARN_ENUM_CONVERSION = YES;
				CLANG_WARN_INFINITE_RECURSION = YES;
				CLANG_WARN_INT_CONVERSION = YES;
				CLANG_WARN_NON_LITERAL_NULL_CONVERSION = YES;
				CLANG_WARN_OBJC_IMPLICIT_RETAIN_SELF = YES;
				CLANG_WARN_OBJC_LITERAL_CONVERSION = YES;
				CLANG_WARN_OBJC_ROOT_CLASS = YES_ERROR;
				CLANG_WARN_QUOTED_INCLUDE_IN_FRAMEWORK_HEADER = YES;
				CLANG_WARN_RANGE_LOOP_ANALYSIS = YES;
				CLANG_WARN_STRICT_PROTOTYPES = YES;
				CLANG_WARN_SUSPICIOUS_MOVE = YES;
				CLANG_WARN_UNGUARDED_AVAILABILITY = YES_AGGRESSIVE;
				CLANG_WARN_UNREACHABLE_CODE = YES;
				CLANG_WARN__DUPLICATE_METHOD_MATCH = YES;
				CODE_SIGN_STYLE = Automatic;
				COPY_PHASE_STRIP = NO;
				CURRENT_PROJECT_VERSION = 2;
				DEBUG_INFORMATION_FORMAT = "dwarf-with-dsym";
				DEVELOPMENT_TEAM = SM99L22Q84;
				ENABLE_NS_ASSERTIONS = NO;
				ENABLE_PREVIEWS = YES;
				ENABLE_STRICT_OBJC_MSGSEND = YES;
				GCC_C_LANGUAGE_STANDARD = gnu11;
				GCC_NO_COMMON_BLOCKS = YES;
				GCC_WARN_64_TO_32_BIT_CONVERSION = YES;
				GCC_WARN_ABOUT_RETURN_TYPE = YES_ERROR;
				GCC_WARN_UNDECLARED_SELECTOR = YES;
				GCC_WARN_UNINITIALIZED_AUTOS = YES_AGGRESSIVE;
				GCC_WARN_UNUSED_FUNCTION = YES;
				GCC_WARN_UNUSED_VARIABLE = YES;
				INFOPLIST_KEY_ITSAppUsesNonExemptEncryption = NO;
				IPHONEOS_DEPLOYMENT_TARGET = 16.0;
				MARKETING_VERSION = 1.0.0;
				MTL_ENABLE_DEBUG_INFO = NO;
				MTL_FAST_MATH = YES;
				PRODUCT_NAME = "$(TARGET_NAME)";
				SDKROOT = iphoneos;
				SWIFT_COMPILATION_MODE = wholemodule;
				SWIFT_OPTIMIZATION_LEVEL = "-O";
				SWIFT_VERSION = 5.0;
				TARGETED_DEVICE_FAMILY = 1;
			};
			name = Release;
		};
		30CE676076D06BF1CDD7483A /* Debug */ = {
			isa = XCBuildConfiguration;
			buildSettings = {
				ALWAYS_SEARCH_USER_PATHS = NO;
				CLANG_ANALYZER_NONNULL = YES;
				CLANG_ANALYZER_NUMBER_OBJECT_CONVERSION = YES_AGGRESSIVE;
				CLANG_CXX_LANGUAGE_STANDARD = "gnu++14";
				CLANG_CXX_LIBRARY = "libc++";
				CLANG_ENABLE_MODULES = YES;
				CLANG_ENABLE_OBJC_ARC = YES;
				CLANG_ENABLE_OBJC_WEAK = YES;
				CLANG_WARN_BLOCK_CAPTURE_AUTORELEASING = YES;
				CLANG_WARN_BOOL_CONVERSION = YES;
				CLANG_WARN_COMMA = YES;
				CLANG_WARN_CONSTANT_CONVERSION = YES;
				CLANG_WARN_DEPRECATED_OBJC_IMPLEMENTATIONS = YES;
				CLANG_WARN_DIRECT_OBJC_ISA_USAGE = YES_ERROR;
				CLANG_WARN_DOCUMENTATION_COMMENTS = YES;
				CLANG_WARN_EMPTY_BODY = YES;
				CLANG_WARN_ENUM_CONVERSION = YES;
				CLANG_WARN_INFINITE_RECURSION = YES;
				CLANG_WARN_INT_CONVERSION = YES;
				CLANG_WARN_NON_LITERAL_NULL_CONVERSION = YES;
				CLANG_WARN_OBJC_IMPLICIT_RETAIN_SELF = YES;
				CLANG_WARN_OBJC_LITERAL_CONVERSION = YES;
				CLANG_WARN_OBJC_ROOT_CLASS = YES_ERROR;
				CLANG_WARN_QUOTED_INCLUDE_IN_FRAMEWORK_HEADER = YES;
				CLANG_WARN_RANGE_LOOP_ANALYSIS = YES;
				CLANG_WARN_STRICT_PROTOTYPES = YES;
				CLANG_WARN_SUSPICIOUS_MOVE = YES;
				CLANG_WARN_UNGUARDED_AVAILABILITY = YES_AGGRESSIVE;
				CLANG_WARN_UNREACHABLE_CODE = YES;
				CLANG_WARN__DUPLICATE_METHOD_MATCH = YES;
				CODE_SIGN_STYLE = Automatic;
				COPY_PHASE_STRIP = NO;
				CURRENT_PROJECT_VERSION = 2;
				DEBUG_INFORMATION_FORMAT = dwarf;
				DEVELOPMENT_TEAM = SM99L22Q84;
				ENABLE_PREVIEWS = YES;
				ENABLE_STRICT_OBJC_MSGSEND = YES;
				ENABLE_TESTABILITY = YES;
				GCC_C_LANGUAGE_STANDARD = gnu11;
				GCC_DYNAMIC_NO_PIC = NO;
				GCC_NO_COMMON_BLOCKS = YES;
				GCC_OPTIMIZATION_LEVEL = 0;
				GCC_PREPROCESSOR_DEFINITIONS = (
					"$(inherited)",
					"DEBUG=1",
				);
				GCC_WARN_64_TO_32_BIT_CONVERSION = YES;
				GCC_WARN_ABOUT_RETURN_TYPE = YES_ERROR;
				GCC_WARN_UNDECLARED_SELECTOR = YES;
				GCC_WARN_UNINITIALIZED_AUTOS = YES_AGGRESSIVE;
				GCC_WARN_UNUSED_FUNCTION = YES;
				GCC_WARN_UNUSED_VARIABLE = YES;
				INFOPLIST_KEY_ITSAppUsesNonExemptEncryption = NO;
				IPHONEOS_DEPLOYMENT_TARGET = 16.0;
				MARKETING_VERSION = 1.0.0;
				MTL_ENABLE_DEBUG_INFO = INCLUDE_SOURCE;
				MTL_FAST_MATH = YES;
				ONLY_ACTIVE_ARCH = YES;
				PRODUCT_NAME = "$(TARGET_NAME)";
				SDKROOT = iphoneos;
				SWIFT_ACTIVE_COMPILATION_CONDITIONS = DEBUG;
				SWIFT_OPTIMIZATION_LEVEL = "-Onone";
				SWIFT_VERSION = 5.0;
				TARGETED_DEVICE_FAMILY = 1;
			};
			name = Debug;
		};
		F450484C19A575EB6CEF60AD /* Release */ = {
			isa = XCBuildConfiguration;
			buildSettings = {
				ASSETCATALOG_COMPILER_APPICON_NAME = AppIcon;
				CODE_SIGN_IDENTITY = "iPhone Developer";
				CURRENT_PROJECT_VERSION = 2;
				GENERATE_INFOPLIST_FILE = YES;
				INFOPLIST_FILE = Info.plist;
				INFOPLIST_KEY_CFBundleDisplayName = Klotski;
				INFOPLIST_KEY_UILaunchScreen_Generation = YES;
				INFOPLIST_KEY_UISupportedInterfaceOrientations = UIInterfaceOrientationPortrait;
				INFOPLIST_KEY_UISupportedInterfaceOrientations_iPad = "UIInterfaceOrientationPortrait UIInterfaceOrientationPortraitUpsideDown";
				LD_RUNPATH_SEARCH_PATHS = (
					"$(inherited)",
					"@executable_path/Frameworks",
				);
				MARKETING_VERSION = 1.0.0;
				PRODUCT_BUNDLE_IDENTIFIER = com.quyenngo.klotski;
				SDKROOT = iphoneos;
				TARGETED_DEVICE_FAMILY = 1;
			};
			name = Release;
		};
		FEFDEBFFB52E323B3E665951 /* Debug */ = {
			isa = XCBuildConfiguration;
			buildSettings = {
				ASSETCATALOG_COMPILER_APPICON_NAME = AppIcon;
				CODE_SIGN_IDENTITY = "iPhone Developer";
				CURRENT_PROJECT_VERSION = 2;
				GENERATE_INFOPLIST_FILE = YES;
				INFOPLIST_FILE = Info.plist;
				INFOPLIST_KEY_CFBundleDisplayName = Klotski;
				INFOPLIST_KEY_UILaunchScreen_Generation = YES;
				INFOPLIST_KEY_UISupportedInterfaceOrientations = UIInterfaceOrientationPortrait;
				INFOPLIST_KEY_UISupportedInterfaceOrientations_iPad = "UIInterfaceOrientationPortrait UIInterfaceOrientationPortraitUpsideDown";
				LD_RUNPATH_SEARCH_PATHS = (
					"$(inherited)",
					"@executable_path/Frameworks",
				);
				MARKETING_VERSION = 1.0.0;
				PRODUCT_BUNDLE_IDENTIFIER = com.quyenngo.klotski;
				SDKROOT = iphoneos;
				TARGETED_DEVICE_FAMILY = 1;
			};
			name = Debug;
		};
/* End XCBuildConfiguration section */

/* Begin XCConfigurationList section */
		15707B8DAFF836F2E33EDFD7 /* Build configuration list for PBXNativeTarget "Klotski" */ = {
			isa = XCConfigurationList;
			buildConfigurations = (
				FEFDEBFFB52E323B3E665951 /* Debug */,
				F450484C19A575EB6CEF60AD /* Release */,
			);
			defaultConfigurationIsVisible = 0;
			defaultConfigurationName = Debug;
		};
		640057220AC7B739756D2219 /* Build configuration list for PBXProject "Klotski" */ = {
			isa = XCConfigurationList;
			buildConfigurations = (
				30CE676076D06BF1CDD7483A /* Debug */,
				272021C8F87A3D2C01D9ECA8 /* Release */,
			);
			defaultConfigurationIsVisible = 0;
			defaultConfigurationName = Debug;
		};
/* End XCConfigurationList section */
	};
	rootObject = 64C16D1D94EF345EF94DE860 /* Project object */;
}
